<?xml version="1.0" encoding="utf-8"?>
<Project ToolsVersion="4.0" xmlns="http://schemas.microsoft.com/developer/msbuild/2003">
  <ItemGroup>
    <ClCompile Include="MonkeyDelivery.cpp" />
    <ClCompile Include="Src\Control\Command.cpp" />
    <ClCompile Include="Src\Control\CommandExit.cpp" />
    <ClCompile Include="Src\Control\CommandFactory.cpp" />
    <ClCompile Include="Src\Control\CommandInteract.cpp" />
    <ClCompile Include="Src\Control\CommandMove.cpp" />
    <ClCompile Include="Src\Control\CommandRun.cpp" />
    <ClCompile Include="Src\Control\InventoryCommand.cpp" />
    <ClCompile Include="Src\Control\NextStateCommand.cpp" />
    <ClCompile Include="Src\Control\PauseCommand.cpp" />
    <ClCompile Include="Src\Control\SelectMissionCommand.cpp" />
    <ClCompile Include="Src\Control\States\GameOverState.cpp" />
    <ClCompile Include="Src\Control\States\MenuState.cpp" />
    <ClCompile Include="Src\Control\States\MissionSelectionState.cpp" />
    <ClCompile Include="Src\Control\States\PauseState.cpp" />
    <ClCompile Include="Src\Control\States\PlayingState.cpp" />
    <ClCompile Include="Src\Control\States\State.cpp" />
    <ClCompile Include="Src\Control\States\StateMachine.cpp" />
    <ClCompile Include="Src\Control\States\TestingState.cpp" />
    <ClCompile Include="Src\Control\ViewController.cpp" />
    <ClCompile Include="Src\json\JSON.cpp" />
    <ClCompile Include="Src\json\JSONValue.cpp" />
    <ClCompile Include="Src\Logic\Bat.cpp" />
    <ClCompile Include="Src\Logic\Bike.cpp" />
    <ClCompile Include="Src\Logic\Bed.cpp" />
    <ClCompile Include="Src\Logic\Cat.cpp" />
    <ClCompile Include="Src\Logic\Enemy.cpp" />
    <ClCompile Include="Src\Logic\EnergyDrink.cpp" />
    <ClCompile Include="Src\Logic\energyLevel.cpp" />
    <ClCompile Include="Src\Logic\FearLevel.cpp" />
    <ClCompile Include="Src\Logic\Game.cpp" />
    <ClCompile Include="Src\Logic\GameObject.cpp" />
    <ClCompile Include="Src\Logic\InteractiveEntity.cpp" />
    <ClCompile Include="Src\Logic\Inventory.cpp" />
    <ClCompile Include="Src\Logic\InventoryObject.cpp" />
    <ClCompile Include="Src\Logic\Mission.cpp" />
    <ClCompile Include="Src\Logic\MissionManager.cpp" />
    <ClCompile Include="Src\Logic\MissionsPanel.cpp" />
    <ClCompile Include="Src\Logic\Player.cpp" />
    <ClCompile Include="Src\Logic\SpawnZone.cpp" />
    <ClCompile Include="Src\Logic\UI_Info.cpp" />
    <ClCompile Include="Src\View\Texture.cpp" />
    <ClCompile Include="Src\View\TextureContainer.cpp" />
    <ClCompile Include="Src\Logic\DialogueBox.cpp" />
  </ItemGroup>
  <ItemGroup>
    <ClInclude Include="framework.h" />
    <ClInclude Include="MonkeyDelivery.h" />
    <ClInclude Include="Resource.h" />
    <ClInclude Include="Src\Control\Command.h" />
    <ClInclude Include="Src\Control\CommandExit.h" />
    <ClInclude Include="Src\Control\CommandFactory.h" />
    <ClInclude Include="Src\Control\CommandInteract.h" />
    <ClInclude Include="Src\Control\CommandMove.h" />
    <ClInclude Include="Src\Control\CommandRun.h" />
    <ClInclude Include="Src\Control\InventoryCommand.h" />
    <ClInclude Include="Src\Control\NextStateCommand.h" />
    <ClInclude Include="Src\Control\PauseCommand.h" />
    <ClInclude Include="Src\Control\SelectMissionCommand.h" />
    <ClInclude Include="Src\Control\States\GameOverState.h" />
    <ClInclude Include="Src\Control\States\MenuState.h" />
    <ClInclude Include="Src\Control\States\MissionSelectionState.h" />
    <ClInclude Include="Src\Control\States\PauseState.h" />
    <ClInclude Include="Src\Control\States\PlayingState.h" />
    <ClInclude Include="Src\Control\States\State.h" />
    <ClInclude Include="Src\Control\States\StateMachine.h" />
    <ClInclude Include="Src\Control\States\TestingState.h" />
    <ClInclude Include="Src\Control\ViewController.h" />
    <ClInclude Include="Src\json\JSON.h" />
    <ClInclude Include="Src\json\JSONValue.h" />
    <ClInclude Include="Src\Logic\Bat.h" />
    <ClInclude Include="Src\Logic\Bike.h" />
    <ClInclude Include="Src\Logic\Bed.h" />
    <ClInclude Include="Src\Logic\Cat.h" />
    <ClInclude Include="Src\Logic\Enemy.h" />
    <ClInclude Include="Src\Logic\EnergyDrink.h" />
    <ClInclude Include="Src\Logic\energyLevel.h" />
    <ClInclude Include="Src\Logic\FearLevel.h" />
    <ClInclude Include="Src\Logic\Game.h" />
    <ClInclude Include="Src\Logic\GameObject.h" />
    <ClInclude Include="Src\Logic\InteractiveEntity.h" />
    <ClInclude Include="Src\Logic\Inventory.h" />
    <ClInclude Include="Src\Logic\InventoryObject.h" />
    <ClInclude Include="Src\Logic\Mission.h" />
    <ClInclude Include="Src\Logic\MissionManager.h" />
    <ClInclude Include="Src\Logic\MissionsPanel.h" />
    <ClInclude Include="Src\Logic\Player.h" />
    <ClInclude Include="Src\Logic\SpawnZone.h" />
    <ClInclude Include="Src\Logic\UI_Info.h" />
    <ClInclude Include="Src\Utils\Singleton.h" />
    <ClInclude Include="Src\Utils\Vector2D.h" />
    <ClInclude Include="Src\View\Box.h" />
    <ClInclude Include="Src\View\Font.h" />
    <ClInclude Include="Src\View\Texture.h" />
    <ClInclude Include="Src\View\TextureContainer.h" />
    <ClInclude Include="targetver.h" />
    <ClInclude Include="Src\Logic\DialogueBox.h" />
  </ItemGroup>
  <ItemGroup>
    <ResourceCompile Include="MonkeyDelivery.rc" />
  </ItemGroup>
  <ItemGroup>
    <Image Include="MonkeyDelivery.ico" />
    <Image Include="small.ico" />
  </ItemGroup>
  <ItemGroup>
    <None Include="..\Images\config\resources.json" />
  </ItemGroup>
</Project>